
Microsoft Visual Studio Solution File, Format Version 12.00
# Visual Studio Version 17
VisualStudioVersion = 17.0.32014.148
MinimumVisualStudioVersion = 10.0.40219.1
Project("{FAE04EC0-301F-11D3-BF4B-00C04F79EFBC}") = "PSO2GatheringCounter", "PSO2GatheringCounterWpf\PSO2GatheringCounter.csproj", "{1DE0AF02-D0C3-4095-8A90-56EA81DA6CB4}"
EndProject
Global
	GlobalSection(SolutionConfigurationPlatforms) = preSolution
		Debug|Any CPU = Debug|Any CPU
		Release|Any CPU = Release|Any CPU
	EndGlobalSection
	GlobalSection(ProjectConfigurationPlatforms) = postSolution
		{1DE0AF02-D0C3-4095-8A90-56EA81DA6CB4}.Debug|Any CPU.ActiveCfg = Debug|Any CPU
		{1DE0AF02-D0C3-4095-8A90-56EA81DA6CB4}.Debug|Any CPU.Build.0 = Debug|Any CPU
		{1DE0AF02-D0C3-4095-8A90-56EA81DA6CB4}.Release|Any CPU.ActiveCfg = Release|Any CPU
		{1DE0AF02-D0C3-4095-8A90-56EA81DA6CB4}.Release|Any CPU.Build.0 = Release|Any CPU
	EndGlobalSection
	GlobalSection(SolutionProperties) = preSolution
		HideSolutionNode = FALSE
	EndGlobalSection
	GlobalSection(ExtensibilityGlobals) = postSolution
		SolutionGuid = {A5AA8021-B635-4760-ABC9-DF92B9D62763}
	EndGlobalSection
EndGlobal
